
Microsoft Visual Studio Solution File, Format Version 12.00
# Visual Studio Version 16
VisualStudioVersion = 16.0.34601.136
MinimumVisualStudioVersion = 10.0.40219.1
Project("{F184B08F-C81C-45F6-A57F-5ABD9991F28F}") = "hospitali", "hospitali.vbproj", "{9985AFC9-BD8F-441B-A7AD-98A3B97E0E0E}"
EndProject
Global
	GlobalSection(SolutionConfigurationPlatforms) = preSolution
		Debug|Any CPU = Debug|Any CPU
		Release|Any CPU = Release|Any CPU
	EndGlobalSection
	GlobalSection(ProjectConfigurationPlatforms) = postSolution
		{9985AFC9-BD8F-441B-A7AD-98A3B97E0E0E}.Debug|Any CPU.ActiveCfg = Debug|Any CPU
		{9985AFC9-BD8F-441B-A7AD-98A3B97E0E0E}.Debug|Any CPU.Build.0 = Debug|Any CPU
		{9985AFC9-BD8F-441B-A7AD-98A3B97E0E0E}.Release|Any CPU.ActiveCfg = Release|Any CPU
		{9985AFC9-BD8F-441B-A7AD-98A3B97E0E0E}.Release|Any CPU.Build.0 = Release|Any CPU
	EndGlobalSection
	GlobalSection(SolutionProperties) = preSolution
		HideSolutionNode = FALSE
	EndGlobalSection
	GlobalSection(ExtensibilityGlobals) = postSolution
		SolutionGuid = {262D83C9-E290-473C-8AB9-0A1786AEE2AB}
	EndGlobalSection
EndGlobal
